<?xml version="1.0" encoding="UTF-8" standalone="yes" ?>
<CodeBlocks_project_file>
	<FileVersion major="1" minor="6" />
	<Project>
		<Option title="ProyectoVentaColchones" />
		<Option pch_mode="2" />
		<Option compiler="gcc" />
		<Build>
			<Target title="Debug">
				<Option output="bin/Debug/ProyectoVentaColchones" prefix_auto="1" extension_auto="1" />
				<Option object_output="obj/Debug/" />
				<Option type="1" />
				<Option compiler="gcc" />
				<Compiler>
					<Add option="-g" />
				</Compiler>
			</Target>
			<Target title="Release">
				<Option output="bin/Release/ProyectoVentaColchones" prefix_auto="1" extension_auto="1" />
				<Option object_output="obj/Release/" />
				<Option type="1" />
				<Option compiler="gcc" />
				<Compiler>
					<Add option="-O2" />
				</Compiler>
				<Linker>
					<Add option="-s" />
				</Linker>
			</Target>
		</Build>
		<Compiler>
			<Add option="-Wall" />
			<Add option="-fexceptions" />
		</Compiler>
		<Unit filename="Clientes.h" />
		<Unit filename="Colchon.cpp" />
		<Unit filename="Colchon.h" />
		<Unit filename="DetalleVenta.cpp" />
		<Unit filename="DetalleVenta.h" />
		<Unit filename="Domicilio.h" />
		<Unit filename="Empleado.h" />
		<Unit filename="Fecha.cpp" />
		<Unit filename="Usuarios.h" />
		<Unit filename="Venta.cpp" />
		<Unit filename="Venta.h" />
		<Unit filename="fecha.h" />
		<Unit filename="main.cpp" />
		<Unit filename="menuClientes.cpp" />
		<Unit filename="menuEmpleado.cpp" />
		<Unit filename="menuUsuarios.cpp" />
		<Extensions />
	</Project>
</CodeBlocks_project_file>
